
Microsoft Visual Studio Solution File, Format Version 12.00
# Visual Studio Version 17
VisualStudioVersion = 17.0.31903.59
MinimumVisualStudioVersion = 10.0.40219.1
Project("{2150E333-8FDC-42A3-9474-1A3956D46DE8}") = "src", "src", "{ED9D819C-14FA-49D1-B380-EB02C970F3F0}"
EndProject
Project("{2150E333-8FDC-42A3-9474-1A3956D46DE8}") = "BuildingBlocks", "BuildingBlocks", "{15353B16-0BE2-4A95-9598-4AD7CD0F71F2}"
EndProject
Project("{2150E333-8FDC-42A3-9474-1A3956D46DE8}") = "Common", "Common", "{F6B72F5A-3A9C-435A-89F7-F77A8E6BB223}"
EndProject
Project("{9A19103F-16F7-4668-BE54-9A1E7A4F7556}") = "FMU.Common", "src\BuildingBlocks\Common\FMU.Common\FMU.Common.csproj", "{D4329217-EB7B-411E-AD54-AF876724AEB6}"
EndProject
Project("{2150E333-8FDC-42A3-9474-1A3956D46DE8}") = "EventBus", "EventBus", "{054B0888-EA03-4505-8064-D76EA39682B9}"
EndProject
Project("{9A19103F-16F7-4668-BE54-9A1E7A4F7556}") = "FMU.EventBus", "src\BuildingBlocks\EventBus\FMU.EventBus\FMU.EventBus.csproj", "{15FDE945-0DD8-4DC9-B188-5CEEC3236BD4}"
EndProject
Project("{2150E333-8FDC-42A3-9474-1A3956D46DE8}") = "Services", "Services", "{72A91CE1-B875-4AE4-AEE3-E1A2FEB8A003}"
EndProject
Project("{2150E333-8FDC-42A3-9474-1A3956D46DE8}") = "AuthService", "AuthService", "{EEB45C25-5DB0-4C9A-AF6D-27BE24BB3BCF}"
EndProject
Project("{9A19103F-16F7-4668-BE54-9A1E7A4F7556}") = "FMU.AuthService", "src\Services\AuthService\FMU.AuthService\FMU.AuthService.csproj", "{5F3BC02F-E2BB-4A31-82EF-4A0568D89F10}"
EndProject
Project("{2150E333-8FDC-42A3-9474-1A3956D46DE8}") = "UserService", "UserService", "{221CC9BB-18B2-4BCA-A157-A0468CF78323}"
EndProject
Project("{9A19103F-16F7-4668-BE54-9A1E7A4F7556}") = "FMU.UserService", "src\Services\UserService\FMU.UserService\FMU.UserService.csproj", "{01E6BE20-AF1F-4BEA-A34D-BB793D56C0A6}"
EndProject
Project("{2150E333-8FDC-42A3-9474-1A3956D46DE8}") = "TeamService", "TeamService", "{3C7B09B2-7FA2-4525-9562-9CD3CD17D1A0}"
EndProject
Project("{9A19103F-16F7-4668-BE54-9A1E7A4F7556}") = "FMU.TeamService", "src\Services\TeamService\FMU.TeamService\FMU.TeamService.csproj", "{AD0AC584-B1D2-4D7D-A024-D4B4F1D4FF29}"
EndProject
Project("{2150E333-8FDC-42A3-9474-1A3956D46DE8}") = "MatchService", "MatchService", "{B19B2199-E9F7-4D8E-ABF6-15D5B3B62499}"
EndProject
Project("{9A19103F-16F7-4668-BE54-9A1E7A4F7556}") = "FMU.MatchService", "src\Services\MatchService\FMU.MatchService\FMU.MatchService.csproj", "{0DDF73CA-7AF9-4935-B929-972299CA592A}"
EndProject
Project("{2150E333-8FDC-42A3-9474-1A3956D46DE8}") = "LeagueService", "LeagueService", "{9453FB86-6347-4576-81B8-6F4731593257}"
EndProject
Project("{9A19103F-16F7-4668-BE54-9A1E7A4F7556}") = "FMU.LeagueService", "src\Services\LeagueService\FMU.LeagueService\FMU.LeagueService.csproj", "{82130E7C-6822-4C13-AE62-D3A148562B78}"
EndProject
Project("{2150E333-8FDC-42A3-9474-1A3956D46DE8}") = "TransferService", "TransferService", "{D301BB87-22DC-41D3-86E4-E3D6A20DA73F}"
EndProject
Project("{9A19103F-16F7-4668-BE54-9A1E7A4F7556}") = "FMU.TransferService", "src\Services\TransferService\FMU.TransferService\FMU.TransferService.csproj", "{FE3FA1C0-FD27-4C2C-9288-DFC0F57BDA33}"
EndProject
Project("{2150E333-8FDC-42A3-9474-1A3956D46DE8}") = "NotificationService", "NotificationService", "{71F4977A-F383-4D5E-9AC2-A7BC831E30C1}"
EndProject
Project("{9A19103F-16F7-4668-BE54-9A1E7A4F7556}") = "FMU.NotificationService", "src\Services\NotificationService\FMU.NotificationService\FMU.NotificationService.csproj", "{B02FE5BD-4D8F-40F3-ADB2-22555E93E8E9}"
EndProject
Project("{2150E333-8FDC-42A3-9474-1A3956D46DE8}") = "SimulationService", "SimulationService", "{C107B2D4-C6C4-4EB6-9E81-30B4D3EFAA20}"
EndProject
Project("{9A19103F-16F7-4668-BE54-9A1E7A4F7556}") = "FMU.SimulationService", "src\Services\SimulationService\FMU.SimulationService\FMU.SimulationService.csproj", "{CBEACDE6-5DA2-4B3C-9765-474F462C9984}"
EndProject
Project("{2150E333-8FDC-42A3-9474-1A3956D46DE8}") = "ApiGateways", "ApiGateways", "{A13D8D62-9D81-4ADE-832E-5A87F2CBA206}"
EndProject
Project("{9A19103F-16F7-4668-BE54-9A1E7A4F7556}") = "FMU.ApiGateway", "src\ApiGateways\FMU.ApiGateway\FMU.ApiGateway.csproj", "{4D90D3AC-64DB-41D4-B37B-14C031C81FA5}"
EndProject
Project("{FAE04EC0-301F-11D3-BF4B-00C04F79EFBC}") = "FMU.EventBus.InMemory", "src\BuildingBlocks\EventBus\FMU.EventBus.InMemory\FMU.EventBus.InMemory.csproj", "{FAE72DF1-0374-4C27-ACE5-6984E5CD0302}"
EndProject
Global
	GlobalSection(SolutionConfigurationPlatforms) = preSolution
		Debug|Any CPU = Debug|Any CPU
		Release|Any CPU = Release|Any CPU
	EndGlobalSection
	GlobalSection(ProjectConfigurationPlatforms) = postSolution
		{D4329217-EB7B-411E-AD54-AF876724AEB6}.Debug|Any CPU.ActiveCfg = Debug|Any CPU
		{D4329217-EB7B-411E-AD54-AF876724AEB6}.Debug|Any CPU.Build.0 = Debug|Any CPU
		{D4329217-EB7B-411E-AD54-AF876724AEB6}.Release|Any CPU.ActiveCfg = Release|Any CPU
		{D4329217-EB7B-411E-AD54-AF876724AEB6}.Release|Any CPU.Build.0 = Release|Any CPU
		{15FDE945-0DD8-4DC9-B188-5CEEC3236BD4}.Debug|Any CPU.ActiveCfg = Debug|Any CPU
		{15FDE945-0DD8-4DC9-B188-5CEEC3236BD4}.Debug|Any CPU.Build.0 = Debug|Any CPU
		{15FDE945-0DD8-4DC9-B188-5CEEC3236BD4}.Release|Any CPU.ActiveCfg = Release|Any CPU
		{15FDE945-0DD8-4DC9-B188-5CEEC3236BD4}.Release|Any CPU.Build.0 = Release|Any CPU
		{5F3BC02F-E2BB-4A31-82EF-4A0568D89F10}.Debug|Any CPU.ActiveCfg = Debug|Any CPU
		{5F3BC02F-E2BB-4A31-82EF-4A0568D89F10}.Debug|Any CPU.Build.0 = Debug|Any CPU
		{5F3BC02F-E2BB-4A31-82EF-4A0568D89F10}.Release|Any CPU.ActiveCfg = Release|Any CPU
		{5F3BC02F-E2BB-4A31-82EF-4A0568D89F10}.Release|Any CPU.Build.0 = Release|Any CPU
		{01E6BE20-AF1F-4BEA-A34D-BB793D56C0A6}.Debug|Any CPU.ActiveCfg = Debug|Any CPU
		{01E6BE20-AF1F-4BEA-A34D-BB793D56C0A6}.Debug|Any CPU.Build.0 = Debug|Any CPU
		{01E6BE20-AF1F-4BEA-A34D-BB793D56C0A6}.Release|Any CPU.ActiveCfg = Release|Any CPU
		{01E6BE20-AF1F-4BEA-A34D-BB793D56C0A6}.Release|Any CPU.Build.0 = Release|Any CPU
		{AD0AC584-B1D2-4D7D-A024-D4B4F1D4FF29}.Debug|Any CPU.ActiveCfg = Debug|Any CPU
		{AD0AC584-B1D2-4D7D-A024-D4B4F1D4FF29}.Debug|Any CPU.Build.0 = Debug|Any CPU
		{AD0AC584-B1D2-4D7D-A024-D4B4F1D4FF29}.Release|Any CPU.ActiveCfg = Release|Any CPU
		{AD0AC584-B1D2-4D7D-A024-D4B4F1D4FF29}.Release|Any CPU.Build.0 = Release|Any CPU
		{0DDF73CA-7AF9-4935-B929-972299CA592A}.Debug|Any CPU.ActiveCfg = Debug|Any CPU
		{0DDF73CA-7AF9-4935-B929-972299CA592A}.Debug|Any CPU.Build.0 = Debug|Any CPU
		{0DDF73CA-7AF9-4935-B929-972299CA592A}.Release|Any CPU.ActiveCfg = Release|Any CPU
		{0DDF73CA-7AF9-4935-B929-972299CA592A}.Release|Any CPU.Build.0 = Release|Any CPU
		{82130E7C-6822-4C13-AE62-D3A148562B78}.Debug|Any CPU.ActiveCfg = Debug|Any CPU
		{82130E7C-6822-4C13-AE62-D3A148562B78}.Debug|Any CPU.Build.0 = Debug|Any CPU
		{82130E7C-6822-4C13-AE62-D3A148562B78}.Release|Any CPU.ActiveCfg = Release|Any CPU
		{82130E7C-6822-4C13-AE62-D3A148562B78}.Release|Any CPU.Build.0 = Release|Any CPU
		{FE3FA1C0-FD27-4C2C-9288-DFC0F57BDA33}.Debug|Any CPU.ActiveCfg = Debug|Any CPU
		{FE3FA1C0-FD27-4C2C-9288-DFC0F57BDA33}.Debug|Any CPU.Build.0 = Debug|Any CPU
		{FE3FA1C0-FD27-4C2C-9288-DFC0F57BDA33}.Release|Any CPU.ActiveCfg = Release|Any CPU
		{FE3FA1C0-FD27-4C2C-9288-DFC0F57BDA33}.Release|Any CPU.Build.0 = Release|Any CPU
		{B02FE5BD-4D8F-40F3-ADB2-22555E93E8E9}.Debug|Any CPU.ActiveCfg = Debug|Any CPU
		{B02FE5BD-4D8F-40F3-ADB2-22555E93E8E9}.Debug|Any CPU.Build.0 = Debug|Any CPU
		{B02FE5BD-4D8F-40F3-ADB2-22555E93E8E9}.Release|Any CPU.ActiveCfg = Release|Any CPU
		{B02FE5BD-4D8F-40F3-ADB2-22555E93E8E9}.Release|Any CPU.Build.0 = Release|Any CPU
		{CBEACDE6-5DA2-4B3C-9765-474F462C9984}.Debug|Any CPU.ActiveCfg = Debug|Any CPU
		{CBEACDE6-5DA2-4B3C-9765-474F462C9984}.Debug|Any CPU.Build.0 = Debug|Any CPU
		{CBEACDE6-5DA2-4B3C-9765-474F462C9984}.Release|Any CPU.ActiveCfg = Release|Any CPU
		{CBEACDE6-5DA2-4B3C-9765-474F462C9984}.Release|Any CPU.Build.0 = Release|Any CPU
		{4D90D3AC-64DB-41D4-B37B-14C031C81FA5}.Debug|Any CPU.ActiveCfg = Debug|Any CPU
		{4D90D3AC-64DB-41D4-B37B-14C031C81FA5}.Debug|Any CPU.Build.0 = Debug|Any CPU
		{4D90D3AC-64DB-41D4-B37B-14C031C81FA5}.Release|Any CPU.ActiveCfg = Release|Any CPU
		{4D90D3AC-64DB-41D4-B37B-14C031C81FA5}.Release|Any CPU.Build.0 = Release|Any CPU
		{FAE72DF1-0374-4C27-ACE5-6984E5CD0302}.Debug|Any CPU.ActiveCfg = Debug|Any CPU
		{FAE72DF1-0374-4C27-ACE5-6984E5CD0302}.Debug|Any CPU.Build.0 = Debug|Any CPU
		{FAE72DF1-0374-4C27-ACE5-6984E5CD0302}.Release|Any CPU.ActiveCfg = Release|Any CPU
		{FAE72DF1-0374-4C27-ACE5-6984E5CD0302}.Release|Any CPU.Build.0 = Release|Any CPU
	EndGlobalSection
	GlobalSection(SolutionProperties) = preSolution
		HideSolutionNode = FALSE
	EndGlobalSection
	GlobalSection(NestedProjects) = preSolution
		{15353B16-0BE2-4A95-9598-4AD7CD0F71F2} = {ED9D819C-14FA-49D1-B380-EB02C970F3F0}
		{F6B72F5A-3A9C-435A-89F7-F77A8E6BB223} = {15353B16-0BE2-4A95-9598-4AD7CD0F71F2}
		{D4329217-EB7B-411E-AD54-AF876724AEB6} = {F6B72F5A-3A9C-435A-89F7-F77A8E6BB223}
		{054B0888-EA03-4505-8064-D76EA39682B9} = {15353B16-0BE2-4A95-9598-4AD7CD0F71F2}
		{15FDE945-0DD8-4DC9-B188-5CEEC3236BD4} = {054B0888-EA03-4505-8064-D76EA39682B9}
		{72A91CE1-B875-4AE4-AEE3-E1A2FEB8A003} = {ED9D819C-14FA-49D1-B380-EB02C970F3F0}
		{EEB45C25-5DB0-4C9A-AF6D-27BE24BB3BCF} = {72A91CE1-B875-4AE4-AEE3-E1A2FEB8A003}
		{5F3BC02F-E2BB-4A31-82EF-4A0568D89F10} = {EEB45C25-5DB0-4C9A-AF6D-27BE24BB3BCF}
		{221CC9BB-18B2-4BCA-A157-A0468CF78323} = {72A91CE1-B875-4AE4-AEE3-E1A2FEB8A003}
		{01E6BE20-AF1F-4BEA-A34D-BB793D56C0A6} = {221CC9BB-18B2-4BCA-A157-A0468CF78323}
		{3C7B09B2-7FA2-4525-9562-9CD3CD17D1A0} = {72A91CE1-B875-4AE4-AEE3-E1A2FEB8A003}
		{AD0AC584-B1D2-4D7D-A024-D4B4F1D4FF29} = {3C7B09B2-7FA2-4525-9562-9CD3CD17D1A0}
		{B19B2199-E9F7-4D8E-ABF6-15D5B3B62499} = {72A91CE1-B875-4AE4-AEE3-E1A2FEB8A003}
		{0DDF73CA-7AF9-4935-B929-972299CA592A} = {B19B2199-E9F7-4D8E-ABF6-15D5B3B62499}
		{9453FB86-6347-4576-81B8-6F4731593257} = {72A91CE1-B875-4AE4-AEE3-E1A2FEB8A003}
		{82130E7C-6822-4C13-AE62-D3A148562B78} = {9453FB86-6347-4576-81B8-6F4731593257}
		{D301BB87-22DC-41D3-86E4-E3D6A20DA73F} = {72A91CE1-B875-4AE4-AEE3-E1A2FEB8A003}
		{FE3FA1C0-FD27-4C2C-9288-DFC0F57BDA33} = {D301BB87-22DC-41D3-86E4-E3D6A20DA73F}
		{71F4977A-F383-4D5E-9AC2-A7BC831E30C1} = {72A91CE1-B875-4AE4-AEE3-E1A2FEB8A003}
		{B02FE5BD-4D8F-40F3-ADB2-22555E93E8E9} = {71F4977A-F383-4D5E-9AC2-A7BC831E30C1}
		{C107B2D4-C6C4-4EB6-9E81-30B4D3EFAA20} = {72A91CE1-B875-4AE4-AEE3-E1A2FEB8A003}
		{CBEACDE6-5DA2-4B3C-9765-474F462C9984} = {C107B2D4-C6C4-4EB6-9E81-30B4D3EFAA20}
		{A13D8D62-9D81-4ADE-832E-5A87F2CBA206} = {ED9D819C-14FA-49D1-B380-EB02C970F3F0}
		{4D90D3AC-64DB-41D4-B37B-14C031C81FA5} = {A13D8D62-9D81-4ADE-832E-5A87F2CBA206}
		{FAE72DF1-0374-4C27-ACE5-6984E5CD0302} = {054B0888-EA03-4505-8064-D76EA39682B9}
	EndGlobalSection
EndGlobal
